// !$*UTF8*$!
{
	archiveVersion = 1;
	classes = {
	};
	objectVersion = 46;
	objects = {

/* Begin PBXBuildFile section */
		07096E2E1ED32853006E7E23 /* AppDelegate.swift in Sources */ = {isa = PBXBuildFile; fileRef = 07096E2D1ED32853006E7E23 /* AppDelegate.swift */; };
		07096E301ED32853006E7E23 /* ViewController.swift in Sources */ = {isa = PBXBuildFile; fileRef = 07096E2F1ED32853006E7E23 /* ViewController.swift */; };
		07096E351ED32854006E7E23 /* Assets.xcassets in Resources */ = {isa = PBXBuildFile; fileRef = 07096E341ED32854006E7E23 /* Assets.xcassets */; };
		07096E381ED32854006E7E23 /* LaunchScreen.storyboard in Resources */ = {isa = PBXBuildFile; fileRef = 07096E361ED32854006E7E23 /* LaunchScreen.storyboard */; };
		07277EE51EF7858A00789974 /* beat.mp3 in Resources */ = {isa = PBXBuildFile; fileRef = 07277EE41EF7858A00789974 /* beat.mp3 */; };
		07277EE71EF7859000789974 /* ding.wav in Resources */ = {isa = PBXBuildFile; fileRef = 07277EE61EF7859000789974 /* ding.wav */; };
		07277EEB1EF7863900789974 /* Main.storyboard in Resources */ = {isa = PBXBuildFile; fileRef = 07277EEA1EF7863900789974 /* Main.storyboard */; };
		07277EED1EF786AA00789974 /* images.xcassets in Resources */ = {isa = PBXBuildFile; fileRef = 07277EEC1EF786AA00789974 /* images.xcassets */; };
		122C2B3E6A9CDE21FDDC7C96 /* Pods____.framework in Frameworks */ = {isa = PBXBuildFile; fileRef = 93773B0A24597EA6CFDBA136 /* Pods____.framework */; };
/* End PBXBuildFile section */

/* Begin PBXFileReference section */
		07096E2A1ED32853006E7E23 /* 节拍器.app */ = {isa = PBXFileReference; explicitFileType = wrapper.application; includeInIndex = 0; path = "节拍器.app"; sourceTree = BUILT_PRODUCTS_DIR; };
		07096E2D1ED32853006E7E23 /* AppDelegate.swift */ = {isa = PBXFileReference; lastKnownFileType = sourcecode.swift; path = AppDelegate.swift; sourceTree = "<group>"; };
		07096E2F1ED32853006E7E23 /* ViewController.swift */ = {isa = PBXFileReference; lastKnownFileType = sourcecode.swift; path = ViewController.swift; sourceTree = "<group>"; };
		07096E341ED32854006E7E23 /* Assets.xcassets */ = {isa = PBXFileReference; lastKnownFileType = folder.assetcatalog; path = Assets.xcassets; sourceTree = "<group>"; };
		07096E371ED32854006E7E23 /* Base */ = {isa = PBXFileReference; lastKnownFileType = file.storyboard; name = Base; path = Base.lproj/LaunchScreen.storyboard; sourceTree = "<group>"; };
		07096E391ED32854006E7E23 /* Info.plist */ = {isa = PBXFileReference; lastKnownFileType = text.plist.xml; path = Info.plist; sourceTree = "<group>"; };
		07277EE41EF7858A00789974 /* beat.mp3 */ = {isa = PBXFileReference; lastKnownFileType = audio.mp3; path = beat.mp3; sourceTree = "<group>"; };
		07277EE61EF7859000789974 /* ding.wav */ = {isa = PBXFileReference; lastKnownFileType = audio.wav; path = ding.wav; sourceTree = "<group>"; };
		07277EEA1EF7863900789974 /* Main.storyboard */ = {isa = PBXFileReference; fileEncoding = 4; lastKnownFileType = file.storyboard; path = Main.storyboard; sourceTree = "<group>"; };
		07277EEC1EF786AA00789974 /* images.xcassets */ = {isa = PBXFileReference; lastKnownFileType = folder.assetcatalog; path = images.xcassets; sourceTree = "<group>"; };
		43D71630FFC5C37E251F396A /* Pods-节拍器.release.xcconfig */ = {isa = PBXFileReference; includeInIndex = 1; lastKnownFileType = text.xcconfig; name = "Pods-节拍器.release.xcconfig"; path = "Pods/Target Support Files/Pods-节拍器/Pods-节拍器.release.xcconfig"; sourceTree = "<group>"; };
		93773B0A24597EA6CFDBA136 /* Pods____.framework */ = {isa = PBXFileReference; explicitFileType = wrapper.framework; includeInIndex = 0; path = "Pods____.framework"; sourceTree = BUILT_PRODUCTS_DIR; };
		F45553919167F50A6234B664 /* Pods-节拍器.debug.xcconfig */ = {isa = PBXFileReference; includeInIndex = 1; lastKnownFileType = text.xcconfig; name = "Pods-节拍器.debug.xcconfig"; path = "Pods/Target Support Files/Pods-节拍器/Pods-节拍器.debug.xcconfig"; sourceTree = "<group>"; };
/* End PBXFileReference section */

/* Begin PBXFrameworksBuildPhase section */
		07096E271ED32853006E7E23 /* Frameworks */ = {
			isa = PBXFrameworksBuildPhase;
			buildActionMask = 2147483647;
			files = (
				122C2B3E6A9CDE21FDDC7C96 /* Pods____.framework in Frameworks */,
			);
			runOnlyForDeploymentPostprocessing = 0;
		};
/* End PBXFrameworksBuildPhase section */

/* Begin PBXGroup section */
		07096E211ED32853006E7E23 = {
			isa = PBXGroup;
			children = (
				07096E2C1ED32853006E7E23 /* 节拍器 */,
				07096E2B1ED32853006E7E23 /* Products */,
				4079CB248C1C19825148A0E4 /* Pods */,
				9A98A03A6491667A139FA217 /* Frameworks */,
			);
			sourceTree = "<group>";
		};
		07096E2B1ED32853006E7E23 /* Products */ = {
			isa = PBXGroup;
			children = (
				07096E2A1ED32853006E7E23 /* 节拍器.app */,
			);
			name = Products;
			sourceTree = "<group>";
		};
		07096E2C1ED32853006E7E23 /* 节拍器 */ = {
			isa = PBXGroup;
			children = (
				07096E341ED32854006E7E23 /* Assets.xcassets */,
				07277EEC1EF786AA00789974 /* images.xcassets */,
				07277EE31EF7856800789974 /* audio */,
				07096E2D1ED32853006E7E23 /* AppDelegate.swift */,
				07096E2F1ED32853006E7E23 /* ViewController.swift */,
				07277EEA1EF7863900789974 /* Main.storyboard */,
				07096E361ED32854006E7E23 /* LaunchScreen.storyboard */,
				07096E391ED32854006E7E23 /* Info.plist */,
			);
			path = "节拍器";
			sourceTree = "<group>";
		};
		07277EE31EF7856800789974 /* audio */ = {
			isa = PBXGroup;
			children = (
				07277EE41EF7858A00789974 /* beat.mp3 */,
				07277EE61EF7859000789974 /* ding.wav */,
			);
			name = audio;
			sourceTree = "<group>";
		};
		4079CB248C1C19825148A0E4 /* Pods */ = {
			isa = PBXGroup;
			children = (
				F45553919167F50A6234B664 /* Pods-节拍器.debug.xcconfig */,
				43D71630FFC5C37E251F396A /* Pods-节拍器.release.xcconfig */,
			);
			name = Pods;
			sourceTree = "<group>";
		};
		9A98A03A6491667A139FA217 /* Frameworks */ = {
			isa = PBXGroup;
			children = (
				93773B0A24597EA6CFDBA136 /* Pods____.framework */,
			);
			name = Frameworks;
			sourceTree = "<group>";
		};
/* End PBXGroup section */

/* Begin PBXNativeTarget section */
		07096E291ED32853006E7E23 /* 节拍器 */ = {
			isa = PBXNativeTarget;
			buildConfigurationList = 07096E521ED32855006E7E23 /* Build configuration list for PBXNativeTarget "节拍器" */;
			buildPhases = (
				C6A6C38BECD530CB8991F38F /* [CP] Check Pods Manifest.lock */,
				07096E261ED32853006E7E23 /* Sources */,
				07096E271ED32853006E7E23 /* Frameworks */,
				07096E281ED32853006E7E23 /* Resources */,
				B6FD4AFCD98DCDE52A58FE8D /* [CP] Embed Pods Frameworks */,
				D903DBBCC2FB4B535D6A8B5E /* [CP] Copy Pods Resources */,
			);
			buildRules = (
			);
			dependencies = (
			);
			name = "节拍器";
			productName = "节拍器";
			productReference = 07096E2A1ED32853006E7E23 /* 节拍器.app */;
			productType = "com.apple.product-type.application";
		};
/* End PBXNativeTarget section */

/* Begin PBXProject section */
		07096E221ED32853006E7E23 /* Project object */ = {
			isa = PBXProject;
			attributes = {
				LastSwiftUpdateCheck = 0830;
				LastUpgradeCheck = 0830;
				ORGANIZATIONNAME = lolizzZ;
				TargetAttributes = {
					07096E291ED32853006E7E23 = {
						CreatedOnToolsVersion = 8.3.2;
						DevelopmentTeam = W7EHXT73BL;
						ProvisioningStyle = Automatic;
					};
				};
			};
			buildConfigurationList = 07096E251ED32853006E7E23 /* Build configuration list for PBXProject "节拍器" */;
			compatibilityVersion = "Xcode 3.2";
			developmentRegion = English;
			hasScannedForEncodings = 0;
			knownRegions = (
				en,
				Base,
			);
			mainGroup = 07096E211ED32853006E7E23;
			productRefGroup = 07096E2B1ED32853006E7E23 /* Products */;
			projectDirPath = "";
			projectRoot = "";
			targets = (
				07096E291ED32853006E7E23 /* 节拍器 */,
			);
		};
/* End PBXProject section */

/* Begin PBXResourcesBuildPhase section */
		07096E281ED32853006E7E23 /* Resources */ = {
			isa = PBXResourcesBuildPhase;
			buildActionMask = 2147483647;
			files = (
				07277EE71EF7859000789974 /* ding.wav in Resources */,
				07277EEB1EF7863900789974 /* Main.storyboard in Resources */,
				07096E381ED32854006E7E23 /* LaunchScreen.storyboard in Resources */,
				07277EED1EF786AA00789974 /* images.xcassets in Resources */,
				07096E351ED32854006E7E23 /* Assets.xcassets in Resources */,
				07277EE51EF7858A00789974 /* beat.mp3 in Resources */,
			);
			runOnlyForDeploymentPostprocessing = 0;
		};
/* End PBXResourcesBuildPhase section */

/* Begin PBXShellScriptBuildPhase section */
		B6FD4AFCD98DCDE52A58FE8D /* [CP] Embed Pods Frameworks */ = {
			isa = PBXShellScriptBuildPhase;
			buildActionMask = 2147483647;
			files = (
			);
			inputPaths = (
			);
			name = "[CP] Embed Pods Frameworks";
			outputPaths = (
			);
			runOnlyForDeploymentPostprocessing = 0;
			shellPath = /bin/sh;
			shellScript = "\"${SRCROOT}/Pods/Target Support Files/Pods-节拍器/Pods-节拍器-frameworks.sh\"\n";
			showEnvVarsInLog = 0;
		};
		C6A6C38BECD530CB8991F38F /* [CP] Check Pods Manifest.lock */ = {
			isa = PBXShellScriptBuildPhase;
			buildActionMask = 2147483647;
			files = (
			);
			inputPaths = (
			);
			name = "[CP] Check Pods Manifest.lock";
			outputPaths = (
			);
			runOnlyForDeploymentPostprocessing = 0;
			shellPath = /bin/sh;
			shellScript = "diff \"${PODS_PODFILE_DIR_PATH}/Podfile.lock\" \"${PODS_ROOT}/Manifest.lock\" > /dev/null\nif [ $? != 0 ] ; then\n    # print error to STDERR\n    echo \"error: The sandbox is not in sync with the Podfile.lock. Run 'pod install' or update your CocoaPods installation.\" >&2\n    exit 1\nfi\n";
			showEnvVarsInLog = 0;
		};
		D903DBBCC2FB4B535D6A8B5E /* [CP] Copy Pods Resources */ = {
			isa = PBXShellScriptBuildPhase;
			buildActionMask = 2147483647;
			files = (
			);
			inputPaths = (
			);
			name = "[CP] Copy Pods Resources";
			outputPaths = (
			);
			runOnlyForDeploymentPostprocessing = 0;
			shellPath = /bin/sh;
			shellScript = "\"${SRCROOT}/Pods/Target Support Files/Pods-节拍器/Pods-节拍器-resources.sh\"\n";
			showEnvVarsInLog = 0;
		};
/* End PBXShellScriptBuildPhase section */

/* Begin PBXSourcesBuildPhase section */
		07096E261ED32853006E7E23 /* Sources */ = {
			isa = PBXSourcesBuildPhase;
			buildActionMask = 2147483647;
			files = (
				07096E301ED32853006E7E23 /* ViewController.swift in Sources */,
				07096E2E1ED32853006E7E23 /* AppDelegate.swift in Sources */,
			);
			runOnlyForDeploymentPostprocessing = 0;
		};
/* End PBXSourcesBuildPhase section */

/* Begin PBXVariantGroup section */
		07096E361ED32854006E7E23 /* LaunchScreen.storyboard */ = {
			isa = PBXVariantGroup;
			children = (
				07096E371ED32854006E7E23 /* Base */,
			);
			name = LaunchScreen.storyboard;
			sourceTree = "<group>";
		};
/* End PBXVariantGroup section */

/* Begin XCBuildConfiguration section */
		07096E501ED32855006E7E23 /* Debug */ = {
			isa = XCBuildConfiguration;
			buildSettings = {
				ALWAYS_SEARCH_USER_PATHS = NO;
				CLANG_ANALYZER_NONNULL = YES;
				CLANG_ANALYZER_NUMBER_OBJECT_CONVERSION = YES_AGGRESSIVE;
				CLANG_CXX_LANGUAGE_STANDARD = "gnu++0x";
				CLANG_CXX_LIBRARY = "libc++";
				CLANG_ENABLE_MODULES = YES;
				CLANG_ENABLE_OBJC_ARC = YES;
				CLANG_WARN_BOOL_CONVERSION = YES;
				CLANG_WARN_CONSTANT_CONVERSION = YES;
				CLANG_WARN_DIRECT_OBJC_ISA_USAGE = YES_ERROR;
				CLANG_WARN_DOCUMENTATION_COMMENTS = YES;
				CLANG_WARN_EMPTY_BODY = YES;
				CLANG_WARN_ENUM_CONVERSION = YES;
				CLANG_WARN_INFINITE_RECURSION = YES;
				CLANG_WARN_INT_CONVERSION = YES;
				CLANG_WARN_OBJC_ROOT_CLASS = YES_ERROR;
				CLANG_WARN_SUSPICIOUS_MOVE = YES;
				CLANG_WARN_UNREACHABLE_CODE = YES;
				CLANG_WARN__DUPLICATE_METHOD_MATCH = YES;
				"CODE_SIGN_IDENTITY[sdk=iphoneos*]" = "iPhone Developer";
				COPY_PHASE_STRIP = NO;
				DEBUG_INFORMATION_FORMAT = dwarf;
				ENABLE_STRICT_OBJC_MSGSEND = YES;
				ENABLE_TESTABILITY = YES;
				GCC_C_LANGUAGE_STANDARD = gnu99;
				GCC_DYNAMIC_NO_PIC = NO;
				GCC_NO_COMMON_BLOCKS = YES;
				GCC_OPTIMIZATION_LEVEL = 0;
				GCC_PREPROCESSOR_DEFINITIONS = (
					"DEBUG=1",
					"$(inherited)",
				);
				GCC_WARN_64_TO_32_BIT_CONVERSION = YES;
				GCC_WARN_ABOUT_RETURN_TYPE = YES_ERROR;
				GCC_WARN_UNDECLARED_SELECTOR = YES;
				GCC_WARN_UNINITIALIZED_AUTOS = YES_AGGRESSIVE;
				GCC_WARN_UNUSED_FUNCTION = YES;
				GCC_WARN_UNUSED_VARIABLE = YES;
				IPHONEOS_DEPLOYMENT_TARGET = 10.3;
				MTL_ENABLE_DEBUG_INFO = YES;
				ONLY_ACTIVE_ARCH = YES;
				SDKROOT = iphoneos;
				SWIFT_ACTIVE_COMPILATION_CONDITIONS = DEBUG;
				SWIFT_OPTIMIZATION_LEVEL = "-Onone";
				TARGETED_DEVICE_FAMILY = "1,2";
			};
			name = Debug;
		};
		07096E511ED32855006E7E23 /* Release */ = {
			isa = XCBuildConfiguration;
			buildSettings = {
				ALWAYS_SEARCH_USER_PATHS = NO;
				CLANG_ANALYZER_NONNULL = YES;
				CLANG_ANALYZER_NUMBER_OBJECT_CONVERSION = YES_AGGRESSIVE;
				CLANG_CXX_LANGUAGE_STANDARD = "gnu++0x";
				CLANG_CXX_LIBRARY = "libc++";
				CLANG_ENABLE_MODULES = YES;
				CLANG_ENABLE_OBJC_ARC = YES;
				CLANG_WARN_BOOL_CONVERSION = YES;
				CLANG_WARN_CONSTANT_CONVERSION = YES;
				CLANG_WARN_DIRECT_OBJC_ISA_USAGE = YES_ERROR;
				CLANG_WARN_DOCUMENTATION_COMMENTS = YES;
				CLANG_WARN_EMPTY_BODY = YES;
				CLANG_WARN_ENUM_CONVERSION = YES;
				CLANG_WARN_INFINITE_RECURSION = YES;
				CLANG_WARN_INT_CONVERSION = YES;
				CLANG_WARN_OBJC_ROOT_CLASS = YES_ERROR;
				CLANG_WARN_SUSPICIOUS_MOVE = YES;
				CLANG_WARN_UNREACHABLE_CODE = YES;
				CLANG_WARN__DUPLICATE_METHOD_MATCH = YES;
				"CODE_SIGN_IDENTITY[sdk=iphoneos*]" = "iPhone Developer";
				COPY_PHASE_STRIP = NO;
				DEBUG_INFORMATION_FORMAT = "dwarf-with-dsym";
				ENABLE_NS_ASSERTIONS = NO;
				ENABLE_STRICT_OBJC_MSGSEND = YES;
				GCC_C_LANGUAGE_STANDARD = gnu99;
				GCC_NO_COMMON_BLOCKS = YES;
				GCC_WARN_64_TO_32_BIT_CONVERSION = YES;
				GCC_WARN_ABOUT_RETURN_TYPE = YES_ERROR;
				GCC_WARN_UNDECLARED_SELECTOR = YES;
				GCC_WARN_UNINITIALIZED_AUTOS = YES_AGGRESSIVE;
				GCC_WARN_UNUSED_FUNCTION = YES;
				GCC_WARN_UNUSED_VARIABLE = YES;
				IPHONEOS_DEPLOYMENT_TARGET = 10.3;
				MTL_ENABLE_DEBUG_INFO = NO;
				SDKROOT = iphoneos;
				SWIFT_OPTIMIZATION_LEVEL = "-Owholemodule";
				TARGETED_DEVICE_FAMILY = "1,2";
				VALIDATE_PRODUCT = YES;
			};
			name = Release;
		};
		07096E531ED32855006E7E23 /* Debug */ = {
			isa = XCBuildConfiguration;
			baseConfigurationReference = F45553919167F50A6234B664 /* Pods-节拍器.debug.xcconfig */;
			buildSettings = {
				ASSETCATALOG_COMPILER_APPICON_NAME = AppIcon;
				DEVELOPMENT_TEAM = W7EHXT73BL;
				INFOPLIST_FILE = "节拍器/Info.plist";
				LD_RUNPATH_SEARCH_PATHS = "$(inherited) @executable_path/Frameworks";
				PRODUCT_BUNDLE_IDENTIFIER = "chinghoi.---";
				PRODUCT_NAME = "$(TARGET_NAME)";
				SWIFT_VERSION = 3.0;
			};
			name = Debug;
		};
		07096E541ED32855006E7E23 /* Release */ = {
			isa = XCBuildConfiguration;
			baseConfigurationReference = 43D71630FFC5C37E251F396A /* Pods-节拍器.release.xcconfig */;
			buildSettings = {
				ASSETCATALOG_COMPILER_APPICON_NAME = AppIcon;
				DEVELOPMENT_TEAM = W7EHXT73BL;
				INFOPLIST_FILE = "节拍器/Info.plist";
				LD_RUNPATH_SEARCH_PATHS = "$(inherited) @executable_path/Frameworks";
				PRODUCT_BUNDLE_IDENTIFIER = "chinghoi.---";
				PRODUCT_NAME = "$(TARGET_NAME)";
				SWIFT_VERSION = 3.0;
			};
			name = Release;
		};
/* End XCBuildConfiguration section */

/* Begin XCConfigurationList section */
		07096E251ED32853006E7E23 /* Build configuration list for PBXProject "节拍器" */ = {
			isa = XCConfigurationList;
			buildConfigurations = (
				07096E501ED32855006E7E23 /* Debug */,
				07096E511ED32855006E7E23 /* Release */,
			);
			defaultConfigurationIsVisible = 0;
			defaultConfigurationName = Release;
		};
		07096E521ED32855006E7E23 /* Build configuration list for PBXNativeTarget "节拍器" */ = {
			isa = XCConfigurationList;
			buildConfigurations = (
				07096E531ED32855006E7E23 /* Debug */,
				07096E541ED32855006E7E23 /* Release */,
			);
			defaultConfigurationIsVisible = 0;
			defaultConfigurationName = Release;
		};
/* End XCConfigurationList section */
	};
	rootObject = 07096E221ED32853006E7E23 /* Project object */;
}
